
Microsoft Visual Studio Solution File, Format Version 12.00
# Visual Studio Version 17
VisualStudioVersion = 17.5.002.0
MinimumVisualStudioVersion = 10.0.40219.1
Project("{2150E333-8FDC-42A3-9474-1A3956D46DE8}") = "Classes", "Classes", "{5979F1F2-B677-410E-B76C-72E125862569}"
EndProject
Project("{9A19103F-16F7-4668-BE54-9A1E7A4F7556}") = "Defining", "Classes\Defining\Defining.csproj", "{39F27AB3-E761-4017-A116-E278795B0647}"
EndProject
Project("{9A19103F-16F7-4668-BE54-9A1E7A4F7556}") = "Inheritance", "Classes\Inheritance\Inheritance.csproj", "{A37A792D-7514-437B-940C-BCD243BB9B28}"
EndProject
Project("{9A19103F-16F7-4668-BE54-9A1E7A4F7556}") = "Modifiers", "Classes\Modifiers\Modifiers.csproj", "{F2078567-31C4-4A27-B893-B123E03D4FF9}"
EndProject
Project("{9A19103F-16F7-4668-BE54-9A1E7A4F7556}") = "ProgChallenge", "Classes\ProgChallenge\ProgChallenge.csproj", "{A1E5852A-2758-4EBD-BF4A-C209B2DC6AE1}"
EndProject
Project("{9A19103F-16F7-4668-BE54-9A1E7A4F7556}") = "Properties", "Classes\Properties\Properties.csproj", "{857F9215-83E3-48F9-A813-1709D01A9814}"
EndProject
Project("{9A19103F-16F7-4668-BE54-9A1E7A4F7556}") = "StringRep", "Classes\StringRep\StringRep.csproj", "{2C0E5E0E-0073-4C33-93CC-0D9F7D9A928E}"
EndProject
Project("{2150E333-8FDC-42A3-9474-1A3956D46DE8}") = "Functions", "Functions", "{4B962DD6-AAF9-4D86-8D86-B024ADF8A42F}"
EndProject
Project("{9A19103F-16F7-4668-BE54-9A1E7A4F7556}") = "Basics", "Functions\Basics\Basics.csproj", "{9134CE81-59B4-4D7E-92CE-8D475CE2F764}"
EndProject
Project("{9A19103F-16F7-4668-BE54-9A1E7A4F7556}") = "Params", "Functions\DefaultParams\Params.csproj", "{0046526E-0F8D-44D4-AB97-BE5E1ED8D237}"
EndProject
Project("{9A19103F-16F7-4668-BE54-9A1E7A4F7556}") = "MultiValues", "Functions\MultiValues\MultiValues.csproj", "{32527EC5-2F26-472B-9422-26B04DDF6530}"
EndProject
Project("{9A19103F-16F7-4668-BE54-9A1E7A4F7556}") = "RefAndOut", "Functions\RefAndOutParams\RefAndOut.csproj", "{A7C11117-ACDE-4386-82BA-972ED9051D9F}"
EndProject
Project("{2150E333-8FDC-42A3-9474-1A3956D46DE8}") = "Overview", "Overview", "{38318D07-1F57-4986-84CF-1B7060E03C45}"
EndProject
Project("{9A19103F-16F7-4668-BE54-9A1E7A4F7556}") = "Comments", "Overview\Comments\Comments.csproj", "{61B6A5E8-A90E-4D7A-9575-4A9EDB249A7B}"
EndProject
Project("{9A19103F-16F7-4668-BE54-9A1E7A4F7556}") = "Operators", "Overview\Operators\Operators.csproj", "{AE930991-81D7-4677-BA88-C47D20A90EAD}"
EndProject
Project("{9A19103F-16F7-4668-BE54-9A1E7A4F7556}") = "VarsAndData", "Overview\VarsAndData\VarsAndData.csproj", "{B8B0176E-FFE8-4892-AAEA-11BDDA982BBE}"
EndProject
Project("{2150E333-8FDC-42A3-9474-1A3956D46DE8}") = "Program Flow", "Program Flow", "{B0E60B05-CCA0-4441-A8DB-67C967AA2F6F}"
EndProject
Project("{9A19103F-16F7-4668-BE54-9A1E7A4F7556}") = "BreakContinue", "Program Flow\BreakContinue\BreakContinue.csproj", "{56AB19F4-237B-4E49-8DFB-F205577FE25B}"
EndProject
Project("{9A19103F-16F7-4668-BE54-9A1E7A4F7556}") = "Conditionals", "Program Flow\Conditional-if\Conditionals.csproj", "{8B2812B4-25FD-4BE6-A22C-2B17C42883FA}"
EndProject
Project("{9A19103F-16F7-4668-BE54-9A1E7A4F7556}") = "ConditionalOps", "Program Flow\Conditional-switch\ConditionalOps.csproj", "{C4C92BE3-692D-4BE7-9BBA-62D9A443900D}"
EndProject
Project("{9A19103F-16F7-4668-BE54-9A1E7A4F7556}") = "Exceptions", "Program Flow\Exceptions\Exceptions.csproj", "{F0AD2C12-DBEA-4388-8A84-37703791E1EA}"
EndProject
Project("{9A19103F-16F7-4668-BE54-9A1E7A4F7556}") = "ForLoops", "Program Flow\ForLoops\ForLoops.csproj", "{FC84A985-640C-4C3F-A70F-890FF4D8C194}"
EndProject
Project("{9A19103F-16F7-4668-BE54-9A1E7A4F7556}") = "WhileLoops", "Program Flow\WhileLoops\WhileLoops.csproj", "{76CF0C21-A0D7-4556-9F84-353620AB3269}"
EndProject
Project("{2150E333-8FDC-42A3-9474-1A3956D46DE8}") = "Strings", "Strings", "{9C0227D3-1D0D-47B8-B8F0-4A6362F14A73}"
EndProject
Project("{9A19103F-16F7-4668-BE54-9A1E7A4F7556}") = "Builder", "Strings\Builder\Builder.csproj", "{C036AEDA-A6EC-4226-A33D-5B9B090E7AB8}"
EndProject
Project("{9A19103F-16F7-4668-BE54-9A1E7A4F7556}") = "Formatting", "Strings\Formatting\Formatting.csproj", "{C78FBC15-B593-4341-ADD9-6E445E9B0154}"
EndProject
Project("{9A19103F-16F7-4668-BE54-9A1E7A4F7556}") = "Strings", "Strings\Interpolation\Strings.csproj", "{A8330AAD-8EC6-4D0C-9DD0-7D311E8FE4C3}"
EndProject
Project("{9A19103F-16F7-4668-BE54-9A1E7A4F7556}") = "Operations", "Strings\Operations\Operations.csproj", "{D50745F7-005A-4BEF-87E9-84ECA6FDFA98}"
EndProject
Project("{9A19103F-16F7-4668-BE54-9A1E7A4F7556}") = "Parsing", "Strings\Parsing\Parsing.csproj", "{88052FC6-5502-46E8-9017-17F21637FD7D}"
EndProject
Project("{9A19103F-16F7-4668-BE54-9A1E7A4F7556}") = "ProgChallengeStart", "Strings\ProgChallengeStart\ProgChallengeStart.csproj", "{4F8B3843-7CCE-40E8-ACA3-E690EC678BE7}"
EndProject
Global
	GlobalSection(SolutionConfigurationPlatforms) = preSolution
		Debug|Any CPU = Debug|Any CPU
		Release|Any CPU = Release|Any CPU
	EndGlobalSection
	GlobalSection(ProjectConfigurationPlatforms) = postSolution
		{39F27AB3-E761-4017-A116-E278795B0647}.Debug|Any CPU.ActiveCfg = Debug|Any CPU
		{39F27AB3-E761-4017-A116-E278795B0647}.Debug|Any CPU.Build.0 = Debug|Any CPU
		{39F27AB3-E761-4017-A116-E278795B0647}.Release|Any CPU.ActiveCfg = Release|Any CPU
		{39F27AB3-E761-4017-A116-E278795B0647}.Release|Any CPU.Build.0 = Release|Any CPU
		{A37A792D-7514-437B-940C-BCD243BB9B28}.Debug|Any CPU.ActiveCfg = Debug|Any CPU
		{A37A792D-7514-437B-940C-BCD243BB9B28}.Debug|Any CPU.Build.0 = Debug|Any CPU
		{A37A792D-7514-437B-940C-BCD243BB9B28}.Release|Any CPU.ActiveCfg = Release|Any CPU
		{A37A792D-7514-437B-940C-BCD243BB9B28}.Release|Any CPU.Build.0 = Release|Any CPU
		{F2078567-31C4-4A27-B893-B123E03D4FF9}.Debug|Any CPU.ActiveCfg = Debug|Any CPU
		{F2078567-31C4-4A27-B893-B123E03D4FF9}.Debug|Any CPU.Build.0 = Debug|Any CPU
		{F2078567-31C4-4A27-B893-B123E03D4FF9}.Release|Any CPU.ActiveCfg = Release|Any CPU
		{F2078567-31C4-4A27-B893-B123E03D4FF9}.Release|Any CPU.Build.0 = Release|Any CPU
		{A1E5852A-2758-4EBD-BF4A-C209B2DC6AE1}.Debug|Any CPU.ActiveCfg = Debug|Any CPU
		{A1E5852A-2758-4EBD-BF4A-C209B2DC6AE1}.Debug|Any CPU.Build.0 = Debug|Any CPU
		{A1E5852A-2758-4EBD-BF4A-C209B2DC6AE1}.Release|Any CPU.ActiveCfg = Release|Any CPU
		{A1E5852A-2758-4EBD-BF4A-C209B2DC6AE1}.Release|Any CPU.Build.0 = Release|Any CPU
		{857F9215-83E3-48F9-A813-1709D01A9814}.Debug|Any CPU.ActiveCfg = Debug|Any CPU
		{857F9215-83E3-48F9-A813-1709D01A9814}.Debug|Any CPU.Build.0 = Debug|Any CPU
		{857F9215-83E3-48F9-A813-1709D01A9814}.Release|Any CPU.ActiveCfg = Release|Any CPU
		{857F9215-83E3-48F9-A813-1709D01A9814}.Release|Any CPU.Build.0 = Release|Any CPU
		{2C0E5E0E-0073-4C33-93CC-0D9F7D9A928E}.Debug|Any CPU.ActiveCfg = Debug|Any CPU
		{2C0E5E0E-0073-4C33-93CC-0D9F7D9A928E}.Debug|Any CPU.Build.0 = Debug|Any CPU
		{2C0E5E0E-0073-4C33-93CC-0D9F7D9A928E}.Release|Any CPU.ActiveCfg = Release|Any CPU
		{2C0E5E0E-0073-4C33-93CC-0D9F7D9A928E}.Release|Any CPU.Build.0 = Release|Any CPU
		{9134CE81-59B4-4D7E-92CE-8D475CE2F764}.Debug|Any CPU.ActiveCfg = Debug|Any CPU
		{9134CE81-59B4-4D7E-92CE-8D475CE2F764}.Debug|Any CPU.Build.0 = Debug|Any CPU
		{9134CE81-59B4-4D7E-92CE-8D475CE2F764}.Release|Any CPU.ActiveCfg = Release|Any CPU
		{9134CE81-59B4-4D7E-92CE-8D475CE2F764}.Release|Any CPU.Build.0 = Release|Any CPU
		{0046526E-0F8D-44D4-AB97-BE5E1ED8D237}.Debug|Any CPU.ActiveCfg = Debug|Any CPU
		{0046526E-0F8D-44D4-AB97-BE5E1ED8D237}.Debug|Any CPU.Build.0 = Debug|Any CPU
		{0046526E-0F8D-44D4-AB97-BE5E1ED8D237}.Release|Any CPU.ActiveCfg = Release|Any CPU
		{0046526E-0F8D-44D4-AB97-BE5E1ED8D237}.Release|Any CPU.Build.0 = Release|Any CPU
		{32527EC5-2F26-472B-9422-26B04DDF6530}.Debug|Any CPU.ActiveCfg = Debug|Any CPU
		{32527EC5-2F26-472B-9422-26B04DDF6530}.Debug|Any CPU.Build.0 = Debug|Any CPU
		{32527EC5-2F26-472B-9422-26B04DDF6530}.Release|Any CPU.ActiveCfg = Release|Any CPU
		{32527EC5-2F26-472B-9422-26B04DDF6530}.Release|Any CPU.Build.0 = Release|Any CPU
		{A7C11117-ACDE-4386-82BA-972ED9051D9F}.Debug|Any CPU.ActiveCfg = Debug|Any CPU
		{A7C11117-ACDE-4386-82BA-972ED9051D9F}.Debug|Any CPU.Build.0 = Debug|Any CPU
		{A7C11117-ACDE-4386-82BA-972ED9051D9F}.Release|Any CPU.ActiveCfg = Release|Any CPU
		{A7C11117-ACDE-4386-82BA-972ED9051D9F}.Release|Any CPU.Build.0 = Release|Any CPU
		{61B6A5E8-A90E-4D7A-9575-4A9EDB249A7B}.Debug|Any CPU.ActiveCfg = Debug|Any CPU
		{61B6A5E8-A90E-4D7A-9575-4A9EDB249A7B}.Debug|Any CPU.Build.0 = Debug|Any CPU
		{61B6A5E8-A90E-4D7A-9575-4A9EDB249A7B}.Release|Any CPU.ActiveCfg = Release|Any CPU
		{61B6A5E8-A90E-4D7A-9575-4A9EDB249A7B}.Release|Any CPU.Build.0 = Release|Any CPU
		{AE930991-81D7-4677-BA88-C47D20A90EAD}.Debug|Any CPU.ActiveCfg = Debug|Any CPU
		{AE930991-81D7-4677-BA88-C47D20A90EAD}.Debug|Any CPU.Build.0 = Debug|Any CPU
		{AE930991-81D7-4677-BA88-C47D20A90EAD}.Release|Any CPU.ActiveCfg = Release|Any CPU
		{AE930991-81D7-4677-BA88-C47D20A90EAD}.Release|Any CPU.Build.0 = Release|Any CPU
		{B8B0176E-FFE8-4892-AAEA-11BDDA982BBE}.Debug|Any CPU.ActiveCfg = Debug|Any CPU
		{B8B0176E-FFE8-4892-AAEA-11BDDA982BBE}.Debug|Any CPU.Build.0 = Debug|Any CPU
		{B8B0176E-FFE8-4892-AAEA-11BDDA982BBE}.Release|Any CPU.ActiveCfg = Release|Any CPU
		{B8B0176E-FFE8-4892-AAEA-11BDDA982BBE}.Release|Any CPU.Build.0 = Release|Any CPU
		{56AB19F4-237B-4E49-8DFB-F205577FE25B}.Debug|Any CPU.ActiveCfg = Debug|Any CPU
		{56AB19F4-237B-4E49-8DFB-F205577FE25B}.Debug|Any CPU.Build.0 = Debug|Any CPU
		{56AB19F4-237B-4E49-8DFB-F205577FE25B}.Release|Any CPU.ActiveCfg = Release|Any CPU
		{56AB19F4-237B-4E49-8DFB-F205577FE25B}.Release|Any CPU.Build.0 = Release|Any CPU
		{8B2812B4-25FD-4BE6-A22C-2B17C42883FA}.Debug|Any CPU.ActiveCfg = Debug|Any CPU
		{8B2812B4-25FD-4BE6-A22C-2B17C42883FA}.Debug|Any CPU.Build.0 = Debug|Any CPU
		{8B2812B4-25FD-4BE6-A22C-2B17C42883FA}.Release|Any CPU.ActiveCfg = Release|Any CPU
		{8B2812B4-25FD-4BE6-A22C-2B17C42883FA}.Release|Any CPU.Build.0 = Release|Any CPU
		{C4C92BE3-692D-4BE7-9BBA-62D9A443900D}.Debug|Any CPU.ActiveCfg = Debug|Any CPU
		{C4C92BE3-692D-4BE7-9BBA-62D9A443900D}.Debug|Any CPU.Build.0 = Debug|Any CPU
		{C4C92BE3-692D-4BE7-9BBA-62D9A443900D}.Release|Any CPU.ActiveCfg = Release|Any CPU
		{C4C92BE3-692D-4BE7-9BBA-62D9A443900D}.Release|Any CPU.Build.0 = Release|Any CPU
		{F0AD2C12-DBEA-4388-8A84-37703791E1EA}.Debug|Any CPU.ActiveCfg = Debug|Any CPU
		{F0AD2C12-DBEA-4388-8A84-37703791E1EA}.Debug|Any CPU.Build.0 = Debug|Any CPU
		{F0AD2C12-DBEA-4388-8A84-37703791E1EA}.Release|Any CPU.ActiveCfg = Release|Any CPU
		{F0AD2C12-DBEA-4388-8A84-37703791E1EA}.Release|Any CPU.Build.0 = Release|Any CPU
		{FC84A985-640C-4C3F-A70F-890FF4D8C194}.Debug|Any CPU.ActiveCfg = Debug|Any CPU
		{FC84A985-640C-4C3F-A70F-890FF4D8C194}.Debug|Any CPU.Build.0 = Debug|Any CPU
		{FC84A985-640C-4C3F-A70F-890FF4D8C194}.Release|Any CPU.ActiveCfg = Release|Any CPU
		{FC84A985-640C-4C3F-A70F-890FF4D8C194}.Release|Any CPU.Build.0 = Release|Any CPU
		{76CF0C21-A0D7-4556-9F84-353620AB3269}.Debug|Any CPU.ActiveCfg = Debug|Any CPU
		{76CF0C21-A0D7-4556-9F84-353620AB3269}.Debug|Any CPU.Build.0 = Debug|Any CPU
		{76CF0C21-A0D7-4556-9F84-353620AB3269}.Release|Any CPU.ActiveCfg = Release|Any CPU
		{76CF0C21-A0D7-4556-9F84-353620AB3269}.Release|Any CPU.Build.0 = Release|Any CPU
		{C036AEDA-A6EC-4226-A33D-5B9B090E7AB8}.Debug|Any CPU.ActiveCfg = Debug|Any CPU
		{C036AEDA-A6EC-4226-A33D-5B9B090E7AB8}.Debug|Any CPU.Build.0 = Debug|Any CPU
		{C036AEDA-A6EC-4226-A33D-5B9B090E7AB8}.Release|Any CPU.ActiveCfg = Release|Any CPU
		{C036AEDA-A6EC-4226-A33D-5B9B090E7AB8}.Release|Any CPU.Build.0 = Release|Any CPU
		{C78FBC15-B593-4341-ADD9-6E445E9B0154}.Debug|Any CPU.ActiveCfg = Debug|Any CPU
		{C78FBC15-B593-4341-ADD9-6E445E9B0154}.Debug|Any CPU.Build.0 = Debug|Any CPU
		{C78FBC15-B593-4341-ADD9-6E445E9B0154}.Release|Any CPU.ActiveCfg = Release|Any CPU
		{C78FBC15-B593-4341-ADD9-6E445E9B0154}.Release|Any CPU.Build.0 = Release|Any CPU
		{A8330AAD-8EC6-4D0C-9DD0-7D311E8FE4C3}.Debug|Any CPU.ActiveCfg = Debug|Any CPU
		{A8330AAD-8EC6-4D0C-9DD0-7D311E8FE4C3}.Debug|Any CPU.Build.0 = Debug|Any CPU
		{A8330AAD-8EC6-4D0C-9DD0-7D311E8FE4C3}.Release|Any CPU.ActiveCfg = Release|Any CPU
		{A8330AAD-8EC6-4D0C-9DD0-7D311E8FE4C3}.Release|Any CPU.Build.0 = Release|Any CPU
		{D50745F7-005A-4BEF-87E9-84ECA6FDFA98}.Debug|Any CPU.ActiveCfg = Debug|Any CPU
		{D50745F7-005A-4BEF-87E9-84ECA6FDFA98}.Debug|Any CPU.Build.0 = Debug|Any CPU
		{D50745F7-005A-4BEF-87E9-84ECA6FDFA98}.Release|Any CPU.ActiveCfg = Release|Any CPU
		{D50745F7-005A-4BEF-87E9-84ECA6FDFA98}.Release|Any CPU.Build.0 = Release|Any CPU
		{88052FC6-5502-46E8-9017-17F21637FD7D}.Debug|Any CPU.ActiveCfg = Debug|Any CPU
		{88052FC6-5502-46E8-9017-17F21637FD7D}.Debug|Any CPU.Build.0 = Debug|Any CPU
		{88052FC6-5502-46E8-9017-17F21637FD7D}.Release|Any CPU.ActiveCfg = Release|Any CPU
		{88052FC6-5502-46E8-9017-17F21637FD7D}.Release|Any CPU.Build.0 = Release|Any CPU
		{4F8B3843-7CCE-40E8-ACA3-E690EC678BE7}.Debug|Any CPU.ActiveCfg = Debug|Any CPU
		{4F8B3843-7CCE-40E8-ACA3-E690EC678BE7}.Debug|Any CPU.Build.0 = Debug|Any CPU
		{4F8B3843-7CCE-40E8-ACA3-E690EC678BE7}.Release|Any CPU.ActiveCfg = Release|Any CPU
		{4F8B3843-7CCE-40E8-ACA3-E690EC678BE7}.Release|Any CPU.Build.0 = Release|Any CPU
	EndGlobalSection
	GlobalSection(SolutionProperties) = preSolution
		HideSolutionNode = FALSE
	EndGlobalSection
	GlobalSection(NestedProjects) = preSolution
		{39F27AB3-E761-4017-A116-E278795B0647} = {5979F1F2-B677-410E-B76C-72E125862569}
		{A37A792D-7514-437B-940C-BCD243BB9B28} = {5979F1F2-B677-410E-B76C-72E125862569}
		{F2078567-31C4-4A27-B893-B123E03D4FF9} = {5979F1F2-B677-410E-B76C-72E125862569}
		{A1E5852A-2758-4EBD-BF4A-C209B2DC6AE1} = {5979F1F2-B677-410E-B76C-72E125862569}
		{857F9215-83E3-48F9-A813-1709D01A9814} = {5979F1F2-B677-410E-B76C-72E125862569}
		{2C0E5E0E-0073-4C33-93CC-0D9F7D9A928E} = {5979F1F2-B677-410E-B76C-72E125862569}
		{9134CE81-59B4-4D7E-92CE-8D475CE2F764} = {4B962DD6-AAF9-4D86-8D86-B024ADF8A42F}
		{0046526E-0F8D-44D4-AB97-BE5E1ED8D237} = {4B962DD6-AAF9-4D86-8D86-B024ADF8A42F}
		{32527EC5-2F26-472B-9422-26B04DDF6530} = {4B962DD6-AAF9-4D86-8D86-B024ADF8A42F}
		{A7C11117-ACDE-4386-82BA-972ED9051D9F} = {4B962DD6-AAF9-4D86-8D86-B024ADF8A42F}
		{61B6A5E8-A90E-4D7A-9575-4A9EDB249A7B} = {38318D07-1F57-4986-84CF-1B7060E03C45}
		{AE930991-81D7-4677-BA88-C47D20A90EAD} = {38318D07-1F57-4986-84CF-1B7060E03C45}
		{B8B0176E-FFE8-4892-AAEA-11BDDA982BBE} = {38318D07-1F57-4986-84CF-1B7060E03C45}
		{56AB19F4-237B-4E49-8DFB-F205577FE25B} = {B0E60B05-CCA0-4441-A8DB-67C967AA2F6F}
		{8B2812B4-25FD-4BE6-A22C-2B17C42883FA} = {B0E60B05-CCA0-4441-A8DB-67C967AA2F6F}
		{C4C92BE3-692D-4BE7-9BBA-62D9A443900D} = {B0E60B05-CCA0-4441-A8DB-67C967AA2F6F}
		{F0AD2C12-DBEA-4388-8A84-37703791E1EA} = {B0E60B05-CCA0-4441-A8DB-67C967AA2F6F}
		{FC84A985-640C-4C3F-A70F-890FF4D8C194} = {B0E60B05-CCA0-4441-A8DB-67C967AA2F6F}
		{76CF0C21-A0D7-4556-9F84-353620AB3269} = {B0E60B05-CCA0-4441-A8DB-67C967AA2F6F}
		{C036AEDA-A6EC-4226-A33D-5B9B090E7AB8} = {9C0227D3-1D0D-47B8-B8F0-4A6362F14A73}
		{C78FBC15-B593-4341-ADD9-6E445E9B0154} = {9C0227D3-1D0D-47B8-B8F0-4A6362F14A73}
		{A8330AAD-8EC6-4D0C-9DD0-7D311E8FE4C3} = {9C0227D3-1D0D-47B8-B8F0-4A6362F14A73}
		{D50745F7-005A-4BEF-87E9-84ECA6FDFA98} = {9C0227D3-1D0D-47B8-B8F0-4A6362F14A73}
		{88052FC6-5502-46E8-9017-17F21637FD7D} = {9C0227D3-1D0D-47B8-B8F0-4A6362F14A73}
		{4F8B3843-7CCE-40E8-ACA3-E690EC678BE7} = {9C0227D3-1D0D-47B8-B8F0-4A6362F14A73}
	EndGlobalSection
	GlobalSection(ExtensibilityGlobals) = postSolution
		SolutionGuid = {7C0D4486-6139-42C0-8BBB-7F74F38E9D35}
	EndGlobalSection
EndGlobal
